
Microsoft Visual Studio Solution File, Format Version 12.00
Project("{FAE04EC0-301F-11D3-BF4B-00C04F79EFBC}") = "ABBA", "ABBA.csproj", "{BC793EC9-6E52-4438-9B82-0B41AC261839}"
EndProject
Global
	GlobalSection(SolutionConfigurationPlatforms) = preSolution
		Debug|Any CPU = Debug|Any CPU
		Release|Any CPU = Release|Any CPU
	EndGlobalSection
	GlobalSection(ProjectConfigurationPlatforms) = postSolution
		{BC793EC9-6E52-4438-9B82-0B41AC261839}.Debug|Any CPU.ActiveCfg = Debug|Any CPU
		{BC793EC9-6E52-4438-9B82-0B41AC261839}.Debug|Any CPU.Build.0 = Debug|Any CPU
		{BC793EC9-6E52-4438-9B82-0B41AC261839}.Release|Any CPU.ActiveCfg = Release|Any CPU
		{BC793EC9-6E52-4438-9B82-0B41AC261839}.Release|Any CPU.Build.0 = Release|Any CPU
	EndGlobalSection
EndGlobal
