
Microsoft Visual Studio Solution File, Format Version 12.00
Project("{FAE04EC0-301F-11D3-BF4B-00C04F79EFBC}") = "SimplePersonExample", "SimplePersonExample.csproj", "{633D38B3-B605-4D7E-A6FB-8B2CD8E674EC}"
EndProject
Global
	GlobalSection(SolutionConfigurationPlatforms) = preSolution
		Debug|Any CPU = Debug|Any CPU
		Release|Any CPU = Release|Any CPU
	EndGlobalSection
	GlobalSection(ProjectConfigurationPlatforms) = postSolution
		{633D38B3-B605-4D7E-A6FB-8B2CD8E674EC}.Debug|Any CPU.ActiveCfg = Debug|Any CPU
		{633D38B3-B605-4D7E-A6FB-8B2CD8E674EC}.Debug|Any CPU.Build.0 = Debug|Any CPU
		{633D38B3-B605-4D7E-A6FB-8B2CD8E674EC}.Release|Any CPU.ActiveCfg = Release|Any CPU
		{633D38B3-B605-4D7E-A6FB-8B2CD8E674EC}.Release|Any CPU.Build.0 = Release|Any CPU
	EndGlobalSection
EndGlobal
